<?xml version="1.0" encoding="utf-8"?>
<Project ToolsVersion="4.0" xmlns="http://schemas.microsoft.com/developer/msbuild/2003">
  <ItemGroup>
    <Filter Include="win32">
      <UniqueIdentifier>{84a8ebd7-7cf0-47f6-b75e-d441df67da40}</UniqueIdentifier>
    </Filter>
    <Filter Include="resource">
      <UniqueIdentifier>{715254bc-d70b-4ec5-bf29-467dd3ace079}</UniqueIdentifier>
    </Filter>
    <Filter Include="src">
      <UniqueIdentifier>{bb6c862e-70e9-49d9-81b7-3829a6f50471}</UniqueIdentifier>
    </Filter>
    <Filter Include="src\DAO">
      <UniqueIdentifier>{3c6e3256-80f4-4262-ad15-12312619a132}</UniqueIdentifier>
    </Filter>
  </ItemGroup>
  <ItemGroup>
    <ClCompile Include="main.cpp">
      <Filter>win32</Filter>
    </ClCompile>
    <ClCompile Include="..\Classes\AppDelegate.cpp">
      <Filter>src</Filter>
    </ClCompile>
    <ClCompile Include="..\Classes\CollectableFactory.cpp">
      <Filter>src</Filter>
    </ClCompile>
    <ClCompile Include="..\Classes\CollisionManager.cpp">
      <Filter>src</Filter>
    </ClCompile>
    <ClCompile Include="..\Classes\Enemy.cpp">
      <Filter>src</Filter>
    </ClCompile>
    <ClCompile Include="..\Classes\GameOver.cpp">
      <Filter>src</Filter>
    </ClCompile>
    <ClCompile Include="..\Classes\GameScene.cpp">
      <Filter>src</Filter>
    </ClCompile>
    <ClCompile Include="..\Classes\HUD.cpp">
      <Filter>src</Filter>
    </ClCompile>
    <ClCompile Include="..\Classes\MainMenu.cpp">
      <Filter>src</Filter>
    </ClCompile>
    <ClCompile Include="..\Classes\Parallax.cpp">
      <Filter>src</Filter>
    </ClCompile>
    <ClCompile Include="..\Classes\Player.cpp">
      <Filter>src</Filter>
    </ClCompile>
    <ClCompile Include="..\Classes\Popup.cpp">
      <Filter>src</Filter>
    </ClCompile>
    <ClCompile Include="..\Classes\SpawnManager.cpp">
      <Filter>src</Filter>
    </ClCompile>
    <ClCompile Include="..\Classes\Splash.cpp">
      <Filter>src</Filter>
    </ClCompile>
    <ClCompile Include="..\Classes\WorldManager.cpp">
      <Filter>src</Filter>
    </ClCompile>
    <ClCompile Include="..\Classes\DAO\GameDAO.cpp">
      <Filter>src\DAO</Filter>
    </ClCompile>
    <ClCompile Include="..\Classes\DAO\User.cpp">
      <Filter>src\DAO</Filter>
    </ClCompile>
    <ClCompile Include="..\Classes\Shield.cpp">
      <Filter>src</Filter>
    </ClCompile>
  </ItemGroup>
  <ItemGroup>
    <ClInclude Include="main.h">
      <Filter>win32</Filter>
    </ClInclude>
    <ClInclude Include="..\Classes\AppDelegate.h">
      <Filter>src</Filter>
    </ClInclude>
    <ClInclude Include="..\Classes\Character.h">
      <Filter>src</Filter>
    </ClInclude>
    <ClInclude Include="..\Classes\CollectableFactory.h">
      <Filter>src</Filter>
    </ClInclude>
    <ClInclude Include="..\Classes\CollisionManager.h">
      <Filter>src</Filter>
    </ClInclude>
    <ClInclude Include="..\Classes\Definitions.h">
      <Filter>src</Filter>
    </ClInclude>
    <ClInclude Include="..\Classes\Enemy.h">
      <Filter>src</Filter>
    </ClInclude>
    <ClInclude Include="..\Classes\GameOver.h">
      <Filter>src</Filter>
    </ClInclude>
    <ClInclude Include="..\Classes\GameScene.h">
      <Filter>src</Filter>
    </ClInclude>
    <ClInclude Include="..\Classes\HUD.h">
      <Filter>src</Filter>
    </ClInclude>
    <ClInclude Include="..\Classes\MainMenu.h">
      <Filter>src</Filter>
    </ClInclude>
    <ClInclude Include="..\Classes\Parallax.h">
      <Filter>src</Filter>
    </ClInclude>
    <ClInclude Include="..\Classes\Player.h">
      <Filter>src</Filter>
    </ClInclude>
    <ClInclude Include="..\Classes\Popup.h">
      <Filter>src</Filter>
    </ClInclude>
    <ClInclude Include="..\Classes\SpawnManager.h">
      <Filter>src</Filter>
    </ClInclude>
    <ClInclude Include="..\Classes\Splash.h">
      <Filter>src</Filter>
    </ClInclude>
    <ClInclude Include="..\Classes\WorldManager.h">
      <Filter>src</Filter>
    </ClInclude>
    <ClInclude Include="..\Classes\DAO\GameDAO.h">
      <Filter>src\DAO</Filter>
    </ClInclude>
    <ClInclude Include="..\Classes\DAO\Score.h">
      <Filter>src\DAO</Filter>
    </ClInclude>
    <ClInclude Include="..\Classes\DAO\TextItem.h">
      <Filter>src\DAO</Filter>
    </ClInclude>
    <ClInclude Include="..\Classes\DAO\User.h">
      <Filter>src\DAO</Filter>
    </ClInclude>
    <ClInclude Include="..\Classes\DAO\Username.h">
      <Filter>src\DAO</Filter>
    </ClInclude>
    <ClInclude Include="..\Classes\PowerUps.h">
      <Filter>src</Filter>
    </ClInclude>
    <ClInclude Include="..\Classes\Shield.h">
      <Filter>src</Filter>
    </ClInclude>
  </ItemGroup>
  <ItemGroup>
    <ResourceCompile Include="game.rc">
      <Filter>resource</Filter>
    </ResourceCompile>
  </ItemGroup>
</Project>